// !$*UTF8*$!
{
	archiveVersion = 1;
	classes = {
	};
	objectVersion = 46;
	objects = {

/* Begin PBXBuildFile section */
		B686B2291AA9029A00C8A400 /* USDAItem.swift in Sources */ = {isa = PBXBuildFile; fileRef = B686B2281AA9029A00C8A400 /* USDAItem.swift */; };
		B6FDD9011A82CEF50082C593 /* AppDelegate.swift in Sources */ = {isa = PBXBuildFile; fileRef = B6FDD9001A82CEF50082C593 /* AppDelegate.swift */; };
		B6FDD9041A82CEF50082C593 /* FoodTracker.xcdatamodeld in Sources */ = {isa = PBXBuildFile; fileRef = B6FDD9021A82CEF50082C593 /* FoodTracker.xcdatamodeld */; };
		B6FDD9061A82CEF50082C593 /* ViewController.swift in Sources */ = {isa = PBXBuildFile; fileRef = B6FDD9051A82CEF50082C593 /* ViewController.swift */; };
		B6FDD9091A82CEF50082C593 /* Main.storyboard in Resources */ = {isa = PBXBuildFile; fileRef = B6FDD9071A82CEF50082C593 /* Main.storyboard */; };
		B6FDD90B1A82CEF50082C593 /* Images.xcassets in Resources */ = {isa = PBXBuildFile; fileRef = B6FDD90A1A82CEF50082C593 /* Images.xcassets */; };
		B6FDD90E1A82CEF50082C593 /* LaunchScreen.xib in Resources */ = {isa = PBXBuildFile; fileRef = B6FDD90C1A82CEF50082C593 /* LaunchScreen.xib */; };
		B6FDD91A1A82CEF50082C593 /* FoodTrackerTests.swift in Sources */ = {isa = PBXBuildFile; fileRef = B6FDD9191A82CEF50082C593 /* FoodTrackerTests.swift */; };
		B6FDD9241A82CF7B0082C593 /* DetailViewController.swift in Sources */ = {isa = PBXBuildFile; fileRef = B6FDD9231A82CF7B0082C593 /* DetailViewController.swift */; };
		B6FDD9571A9241C70082C593 /* DataController.swift in Sources */ = {isa = PBXBuildFile; fileRef = B6FDD9561A9241C70082C593 /* DataController.swift */; };
/* End PBXBuildFile section */

/* Begin PBXContainerItemProxy section */
		B6FDD9141A82CEF50082C593 /* PBXContainerItemProxy */ = {
			isa = PBXContainerItemProxy;
			containerPortal = B6FDD8F31A82CEF50082C593 /* Project object */;
			proxyType = 1;
			remoteGlobalIDString = B6FDD8FA1A82CEF50082C593;
			remoteInfo = FoodTracker;
		};
/* End PBXContainerItemProxy section */

/* Begin PBXFileReference section */
		B686B2281AA9029A00C8A400 /* USDAItem.swift */ = {isa = PBXFileReference; fileEncoding = 4; lastKnownFileType = sourcecode.swift; path = USDAItem.swift; sourceTree = "<group>"; };
		B6FDD8FB1A82CEF50082C593 /* FoodTracker.app */ = {isa = PBXFileReference; explicitFileType = wrapper.application; includeInIndex = 0; path = FoodTracker.app; sourceTree = BUILT_PRODUCTS_DIR; };
		B6FDD8FF1A82CEF50082C593 /* Info.plist */ = {isa = PBXFileReference; lastKnownFileType = text.plist.xml; path = Info.plist; sourceTree = "<group>"; };
		B6FDD9001A82CEF50082C593 /* AppDelegate.swift */ = {isa = PBXFileReference; lastKnownFileType = sourcecode.swift; path = AppDelegate.swift; sourceTree = "<group>"; };
		B6FDD9031A82CEF50082C593 /* FoodTracker.xcdatamodel */ = {isa = PBXFileReference; lastKnownFileType = wrapper.xcdatamodel; path = FoodTracker.xcdatamodel; sourceTree = "<group>"; };
		B6FDD9051A82CEF50082C593 /* ViewController.swift */ = {isa = PBXFileReference; lastKnownFileType = sourcecode.swift; path = ViewController.swift; sourceTree = "<group>"; };
		B6FDD9081A82CEF50082C593 /* Base */ = {isa = PBXFileReference; lastKnownFileType = file.storyboard; name = Base; path = Base.lproj/Main.storyboard; sourceTree = "<group>"; };
		B6FDD90A1A82CEF50082C593 /* Images.xcassets */ = {isa = PBXFileReference; lastKnownFileType = folder.assetcatalog; path = Images.xcassets; sourceTree = "<group>"; };
		B6FDD90D1A82CEF50082C593 /* Base */ = {isa = PBXFileReference; lastKnownFileType = file.xib; name = Base; path = Base.lproj/LaunchScreen.xib; sourceTree = "<group>"; };
		B6FDD9131A82CEF50082C593 /* FoodTrackerTests.xctest */ = {isa = PBXFileReference; explicitFileType = wrapper.cfbundle; includeInIndex = 0; path = FoodTrackerTests.xctest; sourceTree = BUILT_PRODUCTS_DIR; };
		B6FDD9181A82CEF50082C593 /* Info.plist */ = {isa = PBXFileReference; lastKnownFileType = text.plist.xml; path = Info.plist; sourceTree = "<group>"; };
		B6FDD9191A82CEF50082C593 /* FoodTrackerTests.swift */ = {isa = PBXFileReference; lastKnownFileType = sourcecode.swift; path = FoodTrackerTests.swift; sourceTree = "<group>"; };
		B6FDD9231A82CF7B0082C593 /* DetailViewController.swift */ = {isa = PBXFileReference; fileEncoding = 4; lastKnownFileType = sourcecode.swift; path = DetailViewController.swift; sourceTree = "<group>"; };
		B6FDD9561A9241C70082C593 /* DataController.swift */ = {isa = PBXFileReference; fileEncoding = 4; lastKnownFileType = sourcecode.swift; path = DataController.swift; sourceTree = "<group>"; };
/* End PBXFileReference section */

/* Begin PBXFrameworksBuildPhase section */
		B6FDD8F81A82CEF50082C593 /* Frameworks */ = {
			isa = PBXFrameworksBuildPhase;
			buildActionMask = 2147483647;
			files = (
			);
			runOnlyForDeploymentPostprocessing = 0;
		};
		B6FDD9101A82CEF50082C593 /* Frameworks */ = {
			isa = PBXFrameworksBuildPhase;
			buildActionMask = 2147483647;
			files = (
			);
			runOnlyForDeploymentPostprocessing = 0;
		};
/* End PBXFrameworksBuildPhase section */

/* Begin PBXGroup section */
		B686B2271AA9027C00C8A400 /* Models */ = {
			isa = PBXGroup;
			children = (
				B686B2281AA9029A00C8A400 /* USDAItem.swift */,
			);
			name = Models;
			sourceTree = "<group>";
		};
		B6FDD8F21A82CEF50082C593 = {
			isa = PBXGroup;
			children = (
				B6FDD8FD1A82CEF50082C593 /* FoodTracker */,
				B6FDD9161A82CEF50082C593 /* FoodTrackerTests */,
				B6FDD8FC1A82CEF50082C593 /* Products */,
			);
			sourceTree = "<group>";
		};
		B6FDD8FC1A82CEF50082C593 /* Products */ = {
			isa = PBXGroup;
			children = (
				B6FDD8FB1A82CEF50082C593 /* FoodTracker.app */,
				B6FDD9131A82CEF50082C593 /* FoodTrackerTests.xctest */,
			);
			name = Products;
			sourceTree = "<group>";
		};
		B6FDD8FD1A82CEF50082C593 /* FoodTracker */ = {
			isa = PBXGroup;
			children = (
				B6FDD9001A82CEF50082C593 /* AppDelegate.swift */,
				B6FDD9051A82CEF50082C593 /* ViewController.swift */,
				B6FDD9561A9241C70082C593 /* DataController.swift */,
				B6FDD9231A82CF7B0082C593 /* DetailViewController.swift */,
				B6FDD9071A82CEF50082C593 /* Main.storyboard */,
				B6FDD90A1A82CEF50082C593 /* Images.xcassets */,
				B6FDD90C1A82CEF50082C593 /* LaunchScreen.xib */,
				B6FDD9021A82CEF50082C593 /* FoodTracker.xcdatamodeld */,
				B686B2271AA9027C00C8A400 /* Models */,
				B6FDD8FE1A82CEF50082C593 /* Supporting Files */,
			);
			path = FoodTracker;
			sourceTree = "<group>";
		};
		B6FDD8FE1A82CEF50082C593 /* Supporting Files */ = {
			isa = PBXGroup;
			children = (
				B6FDD8FF1A82CEF50082C593 /* Info.plist */,
			);
			name = "Supporting Files";
			sourceTree = "<group>";
		};
		B6FDD9161A82CEF50082C593 /* FoodTrackerTests */ = {
			isa = PBXGroup;
			children = (
				B6FDD9191A82CEF50082C593 /* FoodTrackerTests.swift */,
				B6FDD9171A82CEF50082C593 /* Supporting Files */,
			);
			path = FoodTrackerTests;
			sourceTree = "<group>";
		};
		B6FDD9171A82CEF50082C593 /* Supporting Files */ = {
			isa = PBXGroup;
			children = (
				B6FDD9181A82CEF50082C593 /* Info.plist */,
			);
			name = "Supporting Files";
			sourceTree = "<group>";
		};
/* End PBXGroup section */

/* Begin PBXNativeTarget section */
		B6FDD8FA1A82CEF50082C593 /* FoodTracker */ = {
			isa = PBXNativeTarget;
			buildConfigurationList = B6FDD91D1A82CEF50082C593 /* Build configuration list for PBXNativeTarget "FoodTracker" */;
			buildPhases = (
				B6FDD8F71A82CEF50082C593 /* Sources */,
				B6FDD8F81A82CEF50082C593 /* Frameworks */,
				B6FDD8F91A82CEF50082C593 /* Resources */,
			);
			buildRules = (
			);
			dependencies = (
			);
			name = FoodTracker;
			productName = FoodTracker;
			productReference = B6FDD8FB1A82CEF50082C593 /* FoodTracker.app */;
			productType = "com.apple.product-type.application";
		};
		B6FDD9121A82CEF50082C593 /* FoodTrackerTests */ = {
			isa = PBXNativeTarget;
			buildConfigurationList = B6FDD9201A82CEF50082C593 /* Build configuration list for PBXNativeTarget "FoodTrackerTests" */;
			buildPhases = (
				B6FDD90F1A82CEF50082C593 /* Sources */,
				B6FDD9101A82CEF50082C593 /* Frameworks */,
				B6FDD9111A82CEF50082C593 /* Resources */,
			);
			buildRules = (
			);
			dependencies = (
				B6FDD9151A82CEF50082C593 /* PBXTargetDependency */,
			);
			name = FoodTrackerTests;
			productName = FoodTrackerTests;
			productReference = B6FDD9131A82CEF50082C593 /* FoodTrackerTests.xctest */;
			productType = "com.apple.product-type.bundle.unit-test";
		};
/* End PBXNativeTarget section */

/* Begin PBXProject section */
		B6FDD8F31A82CEF50082C593 /* Project object */ = {
			isa = PBXProject;
			attributes = {
				LastUpgradeCheck = 0610;
				ORGANIZATIONNAME = "Scott Kornblatt";
				TargetAttributes = {
					B6FDD8FA1A82CEF50082C593 = {
						CreatedOnToolsVersion = 6.1.1;
					};
					B6FDD9121A82CEF50082C593 = {
						CreatedOnToolsVersion = 6.1.1;
						TestTargetID = B6FDD8FA1A82CEF50082C593;
					};
				};
			};
			buildConfigurationList = B6FDD8F61A82CEF50082C593 /* Build configuration list for PBXProject "FoodTracker" */;
			compatibilityVersion = "Xcode 3.2";
			developmentRegion = English;
			hasScannedForEncodings = 0;
			knownRegions = (
				en,
				Base,
			);
			mainGroup = B6FDD8F21A82CEF50082C593;
			productRefGroup = B6FDD8FC1A82CEF50082C593 /* Products */;
			projectDirPath = "";
			projectRoot = "";
			targets = (
				B6FDD8FA1A82CEF50082C593 /* FoodTracker */,
				B6FDD9121A82CEF50082C593 /* FoodTrackerTests */,
			);
		};
/* End PBXProject section */

/* Begin PBXResourcesBuildPhase section */
		B6FDD8F91A82CEF50082C593 /* Resources */ = {
			isa = PBXResourcesBuildPhase;
			buildActionMask = 2147483647;
			files = (
				B6FDD9091A82CEF50082C593 /* Main.storyboard in Resources */,
				B6FDD90E1A82CEF50082C593 /* LaunchScreen.xib in Resources */,
				B6FDD90B1A82CEF50082C593 /* Images.xcassets in Resources */,
			);
			runOnlyForDeploymentPostprocessing = 0;
		};
		B6FDD9111A82CEF50082C593 /* Resources */ = {
			isa = PBXResourcesBuildPhase;
			buildActionMask = 2147483647;
			files = (
			);
			runOnlyForDeploymentPostprocessing = 0;
		};
/* End PBXResourcesBuildPhase section */

/* Begin PBXSourcesBuildPhase section */
		B6FDD8F71A82CEF50082C593 /* Sources */ = {
			isa = PBXSourcesBuildPhase;
			buildActionMask = 2147483647;
			files = (
				B6FDD9571A9241C70082C593 /* DataController.swift in Sources */,
				B6FDD9061A82CEF50082C593 /* ViewController.swift in Sources */,
				B6FDD9041A82CEF50082C593 /* FoodTracker.xcdatamodeld in Sources */,
				B686B2291AA9029A00C8A400 /* USDAItem.swift in Sources */,
				B6FDD9011A82CEF50082C593 /* AppDelegate.swift in Sources */,
				B6FDD9241A82CF7B0082C593 /* DetailViewController.swift in Sources */,
			);
			runOnlyForDeploymentPostprocessing = 0;
		};
		B6FDD90F1A82CEF50082C593 /* Sources */ = {
			isa = PBXSourcesBuildPhase;
			buildActionMask = 2147483647;
			files = (
				B6FDD91A1A82CEF50082C593 /* FoodTrackerTests.swift in Sources */,
			);
			runOnlyForDeploymentPostprocessing = 0;
		};
/* End PBXSourcesBuildPhase section */

/* Begin PBXTargetDependency section */
		B6FDD9151A82CEF50082C593 /* PBXTargetDependency */ = {
			isa = PBXTargetDependency;
			target = B6FDD8FA1A82CEF50082C593 /* FoodTracker */;
			targetProxy = B6FDD9141A82CEF50082C593 /* PBXContainerItemProxy */;
		};
/* End PBXTargetDependency section */

/* Begin PBXVariantGroup section */
		B6FDD9071A82CEF50082C593 /* Main.storyboard */ = {
			isa = PBXVariantGroup;
			children = (
				B6FDD9081A82CEF50082C593 /* Base */,
			);
			name = Main.storyboard;
			sourceTree = "<group>";
		};
		B6FDD90C1A82CEF50082C593 /* LaunchScreen.xib */ = {
			isa = PBXVariantGroup;
			children = (
				B6FDD90D1A82CEF50082C593 /* Base */,
			);
			name = LaunchScreen.xib;
			sourceTree = "<group>";
		};
/* End PBXVariantGroup section */

/* Begin XCBuildConfiguration section */
		B6FDD91B1A82CEF50082C593 /* Debug */ = {
			isa = XCBuildConfiguration;
			buildSettings = {
				ALWAYS_SEARCH_USER_PATHS = NO;
				CLANG_CXX_LANGUAGE_STANDARD = "gnu++0x";
				CLANG_CXX_LIBRARY = "libc++";
				CLANG_ENABLE_MODULES = YES;
				CLANG_ENABLE_OBJC_ARC = YES;
				CLANG_WARN_BOOL_CONVERSION = YES;
				CLANG_WARN_CONSTANT_CONVERSION = YES;
				CLANG_WARN_DIRECT_OBJC_ISA_USAGE = YES_ERROR;
				CLANG_WARN_EMPTY_BODY = YES;
				CLANG_WARN_ENUM_CONVERSION = YES;
				CLANG_WARN_INT_CONVERSION = YES;
				CLANG_WARN_OBJC_ROOT_CLASS = YES_ERROR;
				CLANG_WARN_UNREACHABLE_CODE = YES;
				CLANG_WARN__DUPLICATE_METHOD_MATCH = YES;
				"CODE_SIGN_IDENTITY[sdk=iphoneos*]" = "iPhone Developer";
				COPY_PHASE_STRIP = NO;
				ENABLE_STRICT_OBJC_MSGSEND = YES;
				GCC_C_LANGUAGE_STANDARD = gnu99;
				GCC_DYNAMIC_NO_PIC = NO;
				GCC_OPTIMIZATION_LEVEL = 0;
				GCC_PREPROCESSOR_DEFINITIONS = (
					"DEBUG=1",
					"$(inherited)",
				);
				GCC_SYMBOLS_PRIVATE_EXTERN = NO;
				GCC_WARN_64_TO_32_BIT_CONVERSION = YES;
				GCC_WARN_ABOUT_RETURN_TYPE = YES_ERROR;
				GCC_WARN_UNDECLARED_SELECTOR = YES;
				GCC_WARN_UNINITIALIZED_AUTOS = YES_AGGRESSIVE;
				GCC_WARN_UNUSED_FUNCTION = YES;
				GCC_WARN_UNUSED_VARIABLE = YES;
				IPHONEOS_DEPLOYMENT_TARGET = 8.1;
				MTL_ENABLE_DEBUG_INFO = YES;
				ONLY_ACTIVE_ARCH = YES;
				SDKROOT = iphoneos;
				SWIFT_OPTIMIZATION_LEVEL = "-Onone";
				TARGETED_DEVICE_FAMILY = "1,2";
			};
			name = Debug;
		};
		B6FDD91C1A82CEF50082C593 /* Release */ = {
			isa = XCBuildConfiguration;
			buildSettings = {
				ALWAYS_SEARCH_USER_PATHS = NO;
				CLANG_CXX_LANGUAGE_STANDARD = "gnu++0x";
				CLANG_CXX_LIBRARY = "libc++";
				CLANG_ENABLE_MODULES = YES;
				CLANG_ENABLE_OBJC_ARC = YES;
				CLANG_WARN_BOOL_CONVERSION = YES;
				CLANG_WARN_CONSTANT_CONVERSION = YES;
				CLANG_WARN_DIRECT_OBJC_ISA_USAGE = YES_ERROR;
				CLANG_WARN_EMPTY_BODY = YES;
				CLANG_WARN_ENUM_CONVERSION = YES;
				CLANG_WARN_INT_CONVERSION = YES;
				CLANG_WARN_OBJC_ROOT_CLASS = YES_ERROR;
				CLANG_WARN_UNREACHABLE_CODE = YES;
				CLANG_WARN__DUPLICATE_METHOD_MATCH = YES;
				"CODE_SIGN_IDENTITY[sdk=iphoneos*]" = "iPhone Developer";
				COPY_PHASE_STRIP = YES;
				ENABLE_NS_ASSERTIONS = NO;
				ENABLE_STRICT_OBJC_MSGSEND = YES;
				GCC_C_LANGUAGE_STANDARD = gnu99;
				GCC_WARN_64_TO_32_BIT_CONVERSION = YES;
				GCC_WARN_ABOUT_RETURN_TYPE = YES_ERROR;
				GCC_WARN_UNDECLARED_SELECTOR = YES;
				GCC_WARN_UNINITIALIZED_AUTOS = YES_AGGRESSIVE;
				GCC_WARN_UNUSED_FUNCTION = YES;
				GCC_WARN_UNUSED_VARIABLE = YES;
				IPHONEOS_DEPLOYMENT_TARGET = 8.1;
				MTL_ENABLE_DEBUG_INFO = NO;
				SDKROOT = iphoneos;
				TARGETED_DEVICE_FAMILY = "1,2";
				VALIDATE_PRODUCT = YES;
			};
			name = Release;
		};
		B6FDD91E1A82CEF50082C593 /* Debug */ = {
			isa = XCBuildConfiguration;
			buildSettings = {
				ASSETCATALOG_COMPILER_APPICON_NAME = AppIcon;
				INFOPLIST_FILE = FoodTracker/Info.plist;
				LD_RUNPATH_SEARCH_PATHS = "$(inherited) @executable_path/Frameworks";
				PRODUCT_NAME = "$(TARGET_NAME)";
			};
			name = Debug;
		};
		B6FDD91F1A82CEF50082C593 /* Release */ = {
			isa = XCBuildConfiguration;
			buildSettings = {
				ASSETCATALOG_COMPILER_APPICON_NAME = AppIcon;
				INFOPLIST_FILE = FoodTracker/Info.plist;
				LD_RUNPATH_SEARCH_PATHS = "$(inherited) @executable_path/Frameworks";
				PRODUCT_NAME = "$(TARGET_NAME)";
			};
			name = Release;
		};
		B6FDD9211A82CEF50082C593 /* Debug */ = {
			isa = XCBuildConfiguration;
			buildSettings = {
				BUNDLE_LOADER = "$(TEST_HOST)";
				FRAMEWORK_SEARCH_PATHS = (
					"$(SDKROOT)/Developer/Library/Frameworks",
					"$(inherited)",
				);
				GCC_PREPROCESSOR_DEFINITIONS = (
					"DEBUG=1",
					"$(inherited)",
				);
				INFOPLIST_FILE = FoodTrackerTests/Info.plist;
				LD_RUNPATH_SEARCH_PATHS = "$(inherited) @executable_path/Frameworks @loader_path/Frameworks";
				PRODUCT_NAME = "$(TARGET_NAME)";
				TEST_HOST = "$(BUILT_PRODUCTS_DIR)/FoodTracker.app/FoodTracker";
			};
			name = Debug;
		};
		B6FDD9221A82CEF50082C593 /* Release */ = {
			isa = XCBuildConfiguration;
			buildSettings = {
				BUNDLE_LOADER = "$(TEST_HOST)";
				FRAMEWORK_SEARCH_PATHS = (
					"$(SDKROOT)/Developer/Library/Frameworks",
					"$(inherited)",
				);
				INFOPLIST_FILE = FoodTrackerTests/Info.plist;
				LD_RUNPATH_SEARCH_PATHS = "$(inherited) @executable_path/Frameworks @loader_path/Frameworks";
				PRODUCT_NAME = "$(TARGET_NAME)";
				TEST_HOST = "$(BUILT_PRODUCTS_DIR)/FoodTracker.app/FoodTracker";
			};
			name = Release;
		};
/* End XCBuildConfiguration section */

/* Begin XCConfigurationList section */
		B6FDD8F61A82CEF50082C593 /* Build configuration list for PBXProject "FoodTracker" */ = {
			isa = XCConfigurationList;
			buildConfigurations = (
				B6FDD91B1A82CEF50082C593 /* Debug */,
				B6FDD91C1A82CEF50082C593 /* Release */,
			);
			defaultConfigurationIsVisible = 0;
			defaultConfigurationName = Release;
		};
		B6FDD91D1A82CEF50082C593 /* Build configuration list for PBXNativeTarget "FoodTracker" */ = {
			isa = XCConfigurationList;
			buildConfigurations = (
				B6FDD91E1A82CEF50082C593 /* Debug */,
				B6FDD91F1A82CEF50082C593 /* Release */,
			);
			defaultConfigurationIsVisible = 0;
			defaultConfigurationName = Release;
		};
		B6FDD9201A82CEF50082C593 /* Build configuration list for PBXNativeTarget "FoodTrackerTests" */ = {
			isa = XCConfigurationList;
			buildConfigurations = (
				B6FDD9211A82CEF50082C593 /* Debug */,
				B6FDD9221A82CEF50082C593 /* Release */,
			);
			defaultConfigurationIsVisible = 0;
			defaultConfigurationName = Release;
		};
/* End XCConfigurationList section */

/* Begin XCVersionGroup section */
		B6FDD9021A82CEF50082C593 /* FoodTracker.xcdatamodeld */ = {
			isa = XCVersionGroup;
			children = (
				B6FDD9031A82CEF50082C593 /* FoodTracker.xcdatamodel */,
			);
			currentVersion = B6FDD9031A82CEF50082C593 /* FoodTracker.xcdatamodel */;
			path = FoodTracker.xcdatamodeld;
			sourceTree = "<group>";
			versionGroupType = wrapper.xcdatamodel;
		};
/* End XCVersionGroup section */
	};
	rootObject = B6FDD8F31A82CEF50082C593 /* Project object */;
}
